// !$*UTF8*$!
{
	archiveVersion = 1;
	classes = {
	};
	objectVersion = 46;
	objects = {

/* Begin PBXBuildFile section */
		955C0FE41A0011D500022C7A /* AppDelegate.swift in Sources */ = {isa = PBXBuildFile; fileRef = 955C0FE31A0011D500022C7A /* AppDelegate.swift */; };
		955C0FE61A0011D500022C7A /* ViewController.swift in Sources */ = {isa = PBXBuildFile; fileRef = 955C0FE51A0011D500022C7A /* ViewController.swift */; };
		955C0FE91A0011D500022C7A /* Main.storyboard in Resources */ = {isa = PBXBuildFile; fileRef = 955C0FE71A0011D500022C7A /* Main.storyboard */; };
		955C0FEB1A0011D500022C7A /* Images.xcassets in Resources */ = {isa = PBXBuildFile; fileRef = 955C0FEA1A0011D500022C7A /* Images.xcassets */; };
		955C0FEE1A0011D500022C7A /* LaunchScreen.xib in Resources */ = {isa = PBXBuildFile; fileRef = 955C0FEC1A0011D500022C7A /* LaunchScreen.xib */; };
		955C0FFA1A0011D500022C7A /* PostcardTests.swift in Sources */ = {isa = PBXBuildFile; fileRef = 955C0FF91A0011D500022C7A /* PostcardTests.swift */; };
/* End PBXBuildFile section */

/* Begin PBXContainerItemProxy section */
		955C0FF41A0011D500022C7A /* PBXContainerItemProxy */ = {
			isa = PBXContainerItemProxy;
			containerPortal = 955C0FD61A0011D500022C7A /* Project object */;
			proxyType = 1;
			remoteGlobalIDString = 955C0FDD1A0011D500022C7A;
			remoteInfo = Postcard;
		};
/* End PBXContainerItemProxy section */

/* Begin PBXFileReference section */
		955C0FDE1A0011D500022C7A /* Postcard.app */ = {isa = PBXFileReference; explicitFileType = wrapper.application; includeInIndex = 0; path = Postcard.app; sourceTree = BUILT_PRODUCTS_DIR; };
		955C0FE21A0011D500022C7A /* Info.plist */ = {isa = PBXFileReference; lastKnownFileType = text.plist.xml; path = Info.plist; sourceTree = "<group>"; };
		955C0FE31A0011D500022C7A /* AppDelegate.swift */ = {isa = PBXFileReference; lastKnownFileType = sourcecode.swift; path = AppDelegate.swift; sourceTree = "<group>"; };
		955C0FE51A0011D500022C7A /* ViewController.swift */ = {isa = PBXFileReference; lastKnownFileType = sourcecode.swift; path = ViewController.swift; sourceTree = "<group>"; };
		955C0FE81A0011D500022C7A /* Base */ = {isa = PBXFileReference; lastKnownFileType = file.storyboard; name = Base; path = Base.lproj/Main.storyboard; sourceTree = "<group>"; };
		955C0FEA1A0011D500022C7A /* Images.xcassets */ = {isa = PBXFileReference; lastKnownFileType = folder.assetcatalog; path = Images.xcassets; sourceTree = "<group>"; };
		955C0FED1A0011D500022C7A /* Base */ = {isa = PBXFileReference; lastKnownFileType = file.xib; name = Base; path = Base.lproj/LaunchScreen.xib; sourceTree = "<group>"; };
		955C0FF31A0011D500022C7A /* PostcardTests.xctest */ = {isa = PBXFileReference; explicitFileType = wrapper.cfbundle; includeInIndex = 0; path = PostcardTests.xctest; sourceTree = BUILT_PRODUCTS_DIR; };
		955C0FF81A0011D500022C7A /* Info.plist */ = {isa = PBXFileReference; lastKnownFileType = text.plist.xml; path = Info.plist; sourceTree = "<group>"; };
		955C0FF91A0011D500022C7A /* PostcardTests.swift */ = {isa = PBXFileReference; lastKnownFileType = sourcecode.swift; path = PostcardTests.swift; sourceTree = "<group>"; };
/* End PBXFileReference section */

/* Begin PBXFrameworksBuildPhase section */
		955C0FDB1A0011D500022C7A /* Frameworks */ = {
			isa = PBXFrameworksBuildPhase;
			buildActionMask = 2147483647;
			files = (
			);
			runOnlyForDeploymentPostprocessing = 0;
		};
		955C0FF01A0011D500022C7A /* Frameworks */ = {
			isa = PBXFrameworksBuildPhase;
			buildActionMask = 2147483647;
			files = (
			);
			runOnlyForDeploymentPostprocessing = 0;
		};
/* End PBXFrameworksBuildPhase section */

/* Begin PBXGroup section */
		955C0FD51A0011D500022C7A = {
			isa = PBXGroup;
			children = (
				955C0FE01A0011D500022C7A /* Postcard */,
				955C0FF61A0011D500022C7A /* PostcardTests */,
				955C0FDF1A0011D500022C7A /* Products */,
			);
			sourceTree = "<group>";
		};
		955C0FDF1A0011D500022C7A /* Products */ = {
			isa = PBXGroup;
			children = (
				955C0FDE1A0011D500022C7A /* Postcard.app */,
				955C0FF31A0011D500022C7A /* PostcardTests.xctest */,
			);
			name = Products;
			sourceTree = "<group>";
		};
		955C0FE01A0011D500022C7A /* Postcard */ = {
			isa = PBXGroup;
			children = (
				955C0FE31A0011D500022C7A /* AppDelegate.swift */,
				955C0FE51A0011D500022C7A /* ViewController.swift */,
				955C0FE71A0011D500022C7A /* Main.storyboard */,
				955C0FEA1A0011D500022C7A /* Images.xcassets */,
				955C0FEC1A0011D500022C7A /* LaunchScreen.xib */,
				955C0FE11A0011D500022C7A /* Supporting Files */,
			);
			path = Postcard;
			sourceTree = "<group>";
		};
		955C0FE11A0011D500022C7A /* Supporting Files */ = {
			isa = PBXGroup;
			children = (
				955C0FE21A0011D500022C7A /* Info.plist */,
			);
			name = "Supporting Files";
			sourceTree = "<group>";
		};
		955C0FF61A0011D500022C7A /* PostcardTests */ = {
			isa = PBXGroup;
			children = (
				955C0FF91A0011D500022C7A /* PostcardTests.swift */,
				955C0FF71A0011D500022C7A /* Supporting Files */,
			);
			path = PostcardTests;
			sourceTree = "<group>";
		};
		955C0FF71A0011D500022C7A /* Supporting Files */ = {
			isa = PBXGroup;
			children = (
				955C0FF81A0011D500022C7A /* Info.plist */,
			);
			name = "Supporting Files";
			sourceTree = "<group>";
		};
/* End PBXGroup section */

/* Begin PBXNativeTarget section */
		955C0FDD1A0011D500022C7A /* Postcard */ = {
			isa = PBXNativeTarget;
			buildConfigurationList = 955C0FFD1A0011D500022C7A /* Build configuration list for PBXNativeTarget "Postcard" */;
			buildPhases = (
				955C0FDA1A0011D500022C7A /* Sources */,
				955C0FDB1A0011D500022C7A /* Frameworks */,
				955C0FDC1A0011D500022C7A /* Resources */,
			);
			buildRules = (
			);
			dependencies = (
			);
			name = Postcard;
			productName = Postcard;
			productReference = 955C0FDE1A0011D500022C7A /* Postcard.app */;
			productType = "com.apple.product-type.application";
		};
		955C0FF21A0011D500022C7A /* PostcardTests */ = {
			isa = PBXNativeTarget;
			buildConfigurationList = 955C10001A0011D500022C7A /* Build configuration list for PBXNativeTarget "PostcardTests" */;
			buildPhases = (
				955C0FEF1A0011D500022C7A /* Sources */,
				955C0FF01A0011D500022C7A /* Frameworks */,
				955C0FF11A0011D500022C7A /* Resources */,
			);
			buildRules = (
			);
			dependencies = (
				955C0FF51A0011D500022C7A /* PBXTargetDependency */,
			);
			name = PostcardTests;
			productName = PostcardTests;
			productReference = 955C0FF31A0011D500022C7A /* PostcardTests.xctest */;
			productType = "com.apple.product-type.bundle.unit-test";
		};
/* End PBXNativeTarget section */

/* Begin PBXProject section */
		955C0FD61A0011D500022C7A /* Project object */ = {
			isa = PBXProject;
			attributes = {
				LastUpgradeCheck = 0610;
				ORGANIZATIONNAME = McKennatech;
				TargetAttributes = {
					955C0FDD1A0011D500022C7A = {
						CreatedOnToolsVersion = 6.1;
					};
					955C0FF21A0011D500022C7A = {
						CreatedOnToolsVersion = 6.1;
						TestTargetID = 955C0FDD1A0011D500022C7A;
					};
				};
			};
			buildConfigurationList = 955C0FD91A0011D500022C7A /* Build configuration list for PBXProject "Postcard" */;
			compatibilityVersion = "Xcode 3.2";
			developmentRegion = English;
			hasScannedForEncodings = 0;
			knownRegions = (
				en,
				Base,
			);
			mainGroup = 955C0FD51A0011D500022C7A;
			productRefGroup = 955C0FDF1A0011D500022C7A /* Products */;
			projectDirPath = "";
			projectRoot = "";
			targets = (
				955C0FDD1A0011D500022C7A /* Postcard */,
				955C0FF21A0011D500022C7A /* PostcardTests */,
			);
		};
/* End PBXProject section */

/* Begin PBXResourcesBuildPhase section */
		955C0FDC1A0011D500022C7A /* Resources */ = {
			isa = PBXResourcesBuildPhase;
			buildActionMask = 2147483647;
			files = (
				955C0FE91A0011D500022C7A /* Main.storyboard in Resources */,
				955C0FEE1A0011D500022C7A /* LaunchScreen.xib in Resources */,
				955C0FEB1A0011D500022C7A /* Images.xcassets in Resources */,
			);
			runOnlyForDeploymentPostprocessing = 0;
		};
		955C0FF11A0011D500022C7A /* Resources */ = {
			isa = PBXResourcesBuildPhase;
			buildActionMask = 2147483647;
			files = (
			);
			runOnlyForDeploymentPostprocessing = 0;
		};
/* End PBXResourcesBuildPhase section */

/* Begin PBXSourcesBuildPhase section */
		955C0FDA1A0011D500022C7A /* Sources */ = {
			isa = PBXSourcesBuildPhase;
			buildActionMask = 2147483647;
			files = (
				955C0FE61A0011D500022C7A /* ViewController.swift in Sources */,
				955C0FE41A0011D500022C7A /* AppDelegate.swift in Sources */,
			);
			runOnlyForDeploymentPostprocessing = 0;
		};
		955C0FEF1A0011D500022C7A /* Sources */ = {
			isa = PBXSourcesBuildPhase;
			buildActionMask = 2147483647;
			files = (
				955C0FFA1A0011D500022C7A /* PostcardTests.swift in Sources */,
			);
			runOnlyForDeploymentPostprocessing = 0;
		};
/* End PBXSourcesBuildPhase section */

/* Begin PBXTargetDependency section */
		955C0FF51A0011D500022C7A /* PBXTargetDependency */ = {
			isa = PBXTargetDependency;
			target = 955C0FDD1A0011D500022C7A /* Postcard */;
			targetProxy = 955C0FF41A0011D500022C7A /* PBXContainerItemProxy */;
		};
/* End PBXTargetDependency section */

/* Begin PBXVariantGroup section */
		955C0FE71A0011D500022C7A /* Main.storyboard */ = {
			isa = PBXVariantGroup;
			children = (
				955C0FE81A0011D500022C7A /* Base */,
			);
			name = Main.storyboard;
			sourceTree = "<group>";
		};
		955C0FEC1A0011D500022C7A /* LaunchScreen.xib */ = {
			isa = PBXVariantGroup;
			children = (
				955C0FED1A0011D500022C7A /* Base */,
			);
			name = LaunchScreen.xib;
			sourceTree = "<group>";
		};
/* End PBXVariantGroup section */

/* Begin XCBuildConfiguration section */
		955C0FFB1A0011D500022C7A /* Debug */ = {
			isa = XCBuildConfiguration;
			buildSettings = {
				ALWAYS_SEARCH_USER_PATHS = NO;
				CLANG_CXX_LANGUAGE_STANDARD = "gnu++0x";
				CLANG_CXX_LIBRARY = "libc++";
				CLANG_ENABLE_MODULES = YES;
				CLANG_ENABLE_OBJC_ARC = YES;
				CLANG_WARN_BOOL_CONVERSION = YES;
				CLANG_WARN_CONSTANT_CONVERSION = YES;
				CLANG_WARN_DIRECT_OBJC_ISA_USAGE = YES_ERROR;
				CLANG_WARN_EMPTY_BODY = YES;
				CLANG_WARN_ENUM_CONVERSION = YES;
				CLANG_WARN_INT_CONVERSION = YES;
				CLANG_WARN_OBJC_ROOT_CLASS = YES_ERROR;
				CLANG_WARN_UNREACHABLE_CODE = YES;
				CLANG_WARN__DUPLICATE_METHOD_MATCH = YES;
				"CODE_SIGN_IDENTITY[sdk=iphoneos*]" = "iPhone Developer";
				COPY_PHASE_STRIP = NO;
				ENABLE_STRICT_OBJC_MSGSEND = YES;
				GCC_C_LANGUAGE_STANDARD = gnu99;
				GCC_DYNAMIC_NO_PIC = NO;
				GCC_OPTIMIZATION_LEVEL = 0;
				GCC_PREPROCESSOR_DEFINITIONS = (
					"DEBUG=1",
					"$(inherited)",
				);
				GCC_SYMBOLS_PRIVATE_EXTERN = NO;
				GCC_WARN_64_TO_32_BIT_CONVERSION = YES;
				GCC_WARN_ABOUT_RETURN_TYPE = YES_ERROR;
				GCC_WARN_UNDECLARED_SELECTOR = YES;
				GCC_WARN_UNINITIALIZED_AUTOS = YES_AGGRESSIVE;
				GCC_WARN_UNUSED_FUNCTION = YES;
				GCC_WARN_UNUSED_VARIABLE = YES;
				IPHONEOS_DEPLOYMENT_TARGET = 8.1;
				MTL_ENABLE_DEBUG_INFO = YES;
				ONLY_ACTIVE_ARCH = YES;
				SDKROOT = iphoneos;
				SWIFT_OPTIMIZATION_LEVEL = "-Onone";
				TARGETED_DEVICE_FAMILY = "1,2";
			};
			name = Debug;
		};
		955C0FFC1A0011D500022C7A /* Release */ = {
			isa = XCBuildConfiguration;
			buildSettings = {
				ALWAYS_SEARCH_USER_PATHS = NO;
				CLANG_CXX_LANGUAGE_STANDARD = "gnu++0x";
				CLANG_CXX_LIBRARY = "libc++";
				CLANG_ENABLE_MODULES = YES;
				CLANG_ENABLE_OBJC_ARC = YES;
				CLANG_WARN_BOOL_CONVERSION = YES;
				CLANG_WARN_CONSTANT_CONVERSION = YES;
				CLANG_WARN_DIRECT_OBJC_ISA_USAGE = YES_ERROR;
				CLANG_WARN_EMPTY_BODY = YES;
				CLANG_WARN_ENUM_CONVERSION = YES;
				CLANG_WARN_INT_CONVERSION = YES;
				CLANG_WARN_OBJC_ROOT_CLASS = YES_ERROR;
				CLANG_WARN_UNREACHABLE_CODE = YES;
				CLANG_WARN__DUPLICATE_METHOD_MATCH = YES;
				"CODE_SIGN_IDENTITY[sdk=iphoneos*]" = "iPhone Developer";
				COPY_PHASE_STRIP = YES;
				ENABLE_NS_ASSERTIONS = NO;
				ENABLE_STRICT_OBJC_MSGSEND = YES;
				GCC_C_LANGUAGE_STANDARD = gnu99;
				GCC_WARN_64_TO_32_BIT_CONVERSION = YES;
				GCC_WARN_ABOUT_RETURN_TYPE = YES_ERROR;
				GCC_WARN_UNDECLARED_SELECTOR = YES;
				GCC_WARN_UNINITIALIZED_AUTOS = YES_AGGRESSIVE;
				GCC_WARN_UNUSED_FUNCTION = YES;
				GCC_WARN_UNUSED_VARIABLE = YES;
				IPHONEOS_DEPLOYMENT_TARGET = 8.1;
				MTL_ENABLE_DEBUG_INFO = NO;
				SDKROOT = iphoneos;
				TARGETED_DEVICE_FAMILY = "1,2";
				VALIDATE_PRODUCT = YES;
			};
			name = Release;
		};
		955C0FFE1A0011D500022C7A /* Debug */ = {
			isa = XCBuildConfiguration;
			buildSettings = {
				ASSETCATALOG_COMPILER_APPICON_NAME = AppIcon;
				INFOPLIST_FILE = Postcard/Info.plist;
				LD_RUNPATH_SEARCH_PATHS = "$(inherited) @executable_path/Frameworks";
				PRODUCT_NAME = "$(TARGET_NAME)";
			};
			name = Debug;
		};
		955C0FFF1A0011D500022C7A /* Release */ = {
			isa = XCBuildConfiguration;
			buildSettings = {
				ASSETCATALOG_COMPILER_APPICON_NAME = AppIcon;
				INFOPLIST_FILE = Postcard/Info.plist;
				LD_RUNPATH_SEARCH_PATHS = "$(inherited) @executable_path/Frameworks";
				PRODUCT_NAME = "$(TARGET_NAME)";
			};
			name = Release;
		};
		955C10011A0011D500022C7A /* Debug */ = {
			isa = XCBuildConfiguration;
			buildSettings = {
				BUNDLE_LOADER = "$(TEST_HOST)";
				FRAMEWORK_SEARCH_PATHS = (
					"$(SDKROOT)/Developer/Library/Frameworks",
					"$(inherited)",
				);
				GCC_PREPROCESSOR_DEFINITIONS = (
					"DEBUG=1",
					"$(inherited)",
				);
				INFOPLIST_FILE = PostcardTests/Info.plist;
				LD_RUNPATH_SEARCH_PATHS = "$(inherited) @executable_path/Frameworks @loader_path/Frameworks";
				PRODUCT_NAME = "$(TARGET_NAME)";
				TEST_HOST = "$(BUILT_PRODUCTS_DIR)/Postcard.app/Postcard";
			};
			name = Debug;
		};
		955C10021A0011D500022C7A /* Release */ = {
			isa = XCBuildConfiguration;
			buildSettings = {
				BUNDLE_LOADER = "$(TEST_HOST)";
				FRAMEWORK_SEARCH_PATHS = (
					"$(SDKROOT)/Developer/Library/Frameworks",
					"$(inherited)",
				);
				INFOPLIST_FILE = PostcardTests/Info.plist;
				LD_RUNPATH_SEARCH_PATHS = "$(inherited) @executable_path/Frameworks @loader_path/Frameworks";
				PRODUCT_NAME = "$(TARGET_NAME)";
				TEST_HOST = "$(BUILT_PRODUCTS_DIR)/Postcard.app/Postcard";
			};
			name = Release;
		};
/* End XCBuildConfiguration section */

/* Begin XCConfigurationList section */
		955C0FD91A0011D500022C7A /* Build configuration list for PBXProject "Postcard" */ = {
			isa = XCConfigurationList;
			buildConfigurations = (
				955C0FFB1A0011D500022C7A /* Debug */,
				955C0FFC1A0011D500022C7A /* Release */,
			);
			defaultConfigurationIsVisible = 0;
			defaultConfigurationName = Release;
		};
		955C0FFD1A0011D500022C7A /* Build configuration list for PBXNativeTarget "Postcard" */ = {
			isa = XCConfigurationList;
			buildConfigurations = (
				955C0FFE1A0011D500022C7A /* Debug */,
				955C0FFF1A0011D500022C7A /* Release */,
			);
			defaultConfigurationIsVisible = 0;
		};
		955C10001A0011D500022C7A /* Build configuration list for PBXNativeTarget "PostcardTests" */ = {
			isa = XCConfigurationList;
			buildConfigurations = (
				955C10011A0011D500022C7A /* Debug */,
				955C10021A0011D500022C7A /* Release */,
			);
			defaultConfigurationIsVisible = 0;
		};
/* End XCConfigurationList section */
	};
	rootObject = 955C0FD61A0011D500022C7A /* Project object */;
}
